
Microsoft Visual Studio Solution File, Format Version 12.00
# Visual Studio 15
VisualStudioVersion = 15.0.28307.421
MinimumVisualStudioVersion = 10.0.40219.1
Project("{FAE04EC0-301F-11D3-BF4B-00C04F79EFBC}") = "NoteAPI", "NoteAPI\NoteAPI.csproj", "{216070FB-EF93-4B73-B4FF-D14A1A56E066}"
EndProject
Global
	GlobalSection(SolutionConfigurationPlatforms) = preSolution
		Debug|Any CPU = Debug|Any CPU
		Release|Any CPU = Release|Any CPU
	EndGlobalSection
	GlobalSection(ProjectConfigurationPlatforms) = postSolution
		{216070FB-EF93-4B73-B4FF-D14A1A56E066}.Debug|Any CPU.ActiveCfg = Debug|Any CPU
		{216070FB-EF93-4B73-B4FF-D14A1A56E066}.Debug|Any CPU.Build.0 = Debug|Any CPU
		{216070FB-EF93-4B73-B4FF-D14A1A56E066}.Release|Any CPU.ActiveCfg = Release|Any CPU
		{216070FB-EF93-4B73-B4FF-D14A1A56E066}.Release|Any CPU.Build.0 = Release|Any CPU
	EndGlobalSection
	GlobalSection(SolutionProperties) = preSolution
		HideSolutionNode = FALSE
	EndGlobalSection
	GlobalSection(ExtensibilityGlobals) = postSolution
		SolutionGuid = {5D8A4C8F-7478-4E73-B529-BFDBE270111F}
	EndGlobalSection
EndGlobal
